// !$*UTF8*$!
{
	archiveVersion = 1;
	classes = {
	};
	objectVersion = 56;
	objects = {

/* Begin PBXBuildFile section */
		7E3869FF2BD7F4D300E65F8F /* AppDelegate.swift in Sources */ = {isa = PBXBuildFile; fileRef = 7E3869FE2BD7F4D300E65F8F /* AppDelegate.swift */; };
		7E386A012BD7F4D300E65F8F /* SceneDelegate.swift in Sources */ = {isa = PBXBuildFile; fileRef = 7E386A002BD7F4D300E65F8F /* SceneDelegate.swift */; };
		7E386A032BD7F4D300E65F8F /* MainViewController.swift in Sources */ = {isa = PBXBuildFile; fileRef = 7E386A022BD7F4D300E65F8F /* MainViewController.swift */; };
		7E386A062BD7F4D300E65F8F /* Base in Resources */ = {isa = PBXBuildFile; fileRef = 7E386A052BD7F4D300E65F8F /* Base */; };
		7E386A082BD7F4D600E65F8F /* Assets.xcassets in Resources */ = {isa = PBXBuildFile; fileRef = 7E386A072BD7F4D600E65F8F /* Assets.xcassets */; };
		7E386A0B2BD7F4D600E65F8F /* Base in Resources */ = {isa = PBXBuildFile; fileRef = 7E386A0A2BD7F4D600E65F8F /* Base */; };
		7E386A132BD8053E00E65F8F /* VideoHeaderAdViewController.swift in Sources */ = {isa = PBXBuildFile; fileRef = 7E386A122BD8053E00E65F8F /* VideoHeaderAdViewController.swift */; };
		7E386A152BD8082F00E65F8F /* SASVideoHeaderAdCell.swift in Sources */ = {isa = PBXBuildFile; fileRef = 7E386A142BD8082F00E65F8F /* SASVideoHeaderAdCell.swift */; };
		7E386A192BD8096100E65F8F /* SASVideoHeaderAdCell.xib in Resources */ = {isa = PBXBuildFile; fileRef = 7E386A182BD8096100E65F8F /* SASVideoHeaderAdCell.xib */; };
		99CBC060C207EAB0B3DA0CD5 /* Pods_VideoHeaderAdSample.framework in Frameworks */ = {isa = PBXBuildFile; fileRef = 06590B702E1AD6BC8F7ACD80 /* Pods_VideoHeaderAdSample.framework */; };
/* End PBXBuildFile section */

/* Begin PBXCopyFilesBuildPhase section */
		7E0DE8982BDAB78000C63D87 /* Embed Frameworks */ = {
			isa = PBXCopyFilesBuildPhase;
			buildActionMask = 2147483647;
			dstPath = "";
			dstSubfolderSpec = 10;
			files = (
			);
			name = "Embed Frameworks";
			runOnlyForDeploymentPostprocessing = 0;
		};
/* End PBXCopyFilesBuildPhase section */

/* Begin PBXFileReference section */
		06590B702E1AD6BC8F7ACD80 /* Pods_VideoHeaderAdSample.framework */ = {isa = PBXFileReference; explicitFileType = wrapper.framework; includeInIndex = 0; path = Pods_VideoHeaderAdSample.framework; sourceTree = BUILT_PRODUCTS_DIR; };
		23BD6AECC10C1F9C0BC10174 /* Pods-VideoHeaderAdSample.release.xcconfig */ = {isa = PBXFileReference; includeInIndex = 1; lastKnownFileType = text.xcconfig; name = "Pods-VideoHeaderAdSample.release.xcconfig"; path = "Target Support Files/Pods-VideoHeaderAdSample/Pods-VideoHeaderAdSample.release.xcconfig"; sourceTree = "<group>"; };
		79FDA6493759A6BDAE670133 /* Pods-VideoHeaderAdSample.debug.xcconfig */ = {isa = PBXFileReference; includeInIndex = 1; lastKnownFileType = text.xcconfig; name = "Pods-VideoHeaderAdSample.debug.xcconfig"; path = "Target Support Files/Pods-VideoHeaderAdSample/Pods-VideoHeaderAdSample.debug.xcconfig"; sourceTree = "<group>"; };
		7E3869FB2BD7F4D300E65F8F /* VideoHeaderAdSample.app */ = {isa = PBXFileReference; explicitFileType = wrapper.application; includeInIndex = 0; path = VideoHeaderAdSample.app; sourceTree = BUILT_PRODUCTS_DIR; };
		7E3869FE2BD7F4D300E65F8F /* AppDelegate.swift */ = {isa = PBXFileReference; lastKnownFileType = sourcecode.swift; path = AppDelegate.swift; sourceTree = "<group>"; };
		7E386A002BD7F4D300E65F8F /* SceneDelegate.swift */ = {isa = PBXFileReference; lastKnownFileType = sourcecode.swift; path = SceneDelegate.swift; sourceTree = "<group>"; };
		7E386A022BD7F4D300E65F8F /* MainViewController.swift */ = {isa = PBXFileReference; lastKnownFileType = sourcecode.swift; path = MainViewController.swift; sourceTree = "<group>"; };
		7E386A052BD7F4D300E65F8F /* Base */ = {isa = PBXFileReference; lastKnownFileType = file.storyboard; name = Base; path = Base.lproj/Main.storyboard; sourceTree = "<group>"; };
		7E386A072BD7F4D600E65F8F /* Assets.xcassets */ = {isa = PBXFileReference; lastKnownFileType = folder.assetcatalog; path = Assets.xcassets; sourceTree = "<group>"; };
		7E386A0A2BD7F4D600E65F8F /* Base */ = {isa = PBXFileReference; lastKnownFileType = file.storyboard; name = Base; path = Base.lproj/LaunchScreen.storyboard; sourceTree = "<group>"; };
		7E386A0C2BD7F4D600E65F8F /* Info.plist */ = {isa = PBXFileReference; lastKnownFileType = text.plist.xml; path = Info.plist; sourceTree = "<group>"; };
		7E386A122BD8053E00E65F8F /* VideoHeaderAdViewController.swift */ = {isa = PBXFileReference; lastKnownFileType = sourcecode.swift; path = VideoHeaderAdViewController.swift; sourceTree = "<group>"; };
		7E386A142BD8082F00E65F8F /* SASVideoHeaderAdCell.swift */ = {isa = PBXFileReference; lastKnownFileType = sourcecode.swift; path = SASVideoHeaderAdCell.swift; sourceTree = "<group>"; };
		7E386A182BD8096100E65F8F /* SASVideoHeaderAdCell.xib */ = {isa = PBXFileReference; lastKnownFileType = file.xib; path = SASVideoHeaderAdCell.xib; sourceTree = "<group>"; };
/* End PBXFileReference section */

/* Begin PBXFrameworksBuildPhase section */
		7E3869F82BD7F4D300E65F8F /* Frameworks */ = {
			isa = PBXFrameworksBuildPhase;
			buildActionMask = 2147483647;
			files = (
				99CBC060C207EAB0B3DA0CD5 /* Pods_VideoHeaderAdSample.framework in Frameworks */,
			);
			runOnlyForDeploymentPostprocessing = 0;
		};
/* End PBXFrameworksBuildPhase section */

/* Begin PBXGroup section */
		03D6326A3D43ACD27E684608 /* Frameworks */ = {
			isa = PBXGroup;
			children = (
				06590B702E1AD6BC8F7ACD80 /* Pods_VideoHeaderAdSample.framework */,
			);
			name = Frameworks;
			sourceTree = "<group>";
		};
		7E0DE8992BDF97F700C63D87 /* SASVideoHeaderAdCell */ = {
			isa = PBXGroup;
			children = (
				7E386A142BD8082F00E65F8F /* SASVideoHeaderAdCell.swift */,
				7E386A182BD8096100E65F8F /* SASVideoHeaderAdCell.xib */,
			);
			name = SASVideoHeaderAdCell;
			sourceTree = "<group>";
		};
		7E3869F22BD7F4D300E65F8F = {
			isa = PBXGroup;
			children = (
				7E4C0FA72BE8C75E001DA825 /* AppDelegate */,
				7E4C0FA82BE8C786001DA825 /* ViewControllers */,
				7E0DE8992BDF97F700C63D87 /* SASVideoHeaderAdCell */,
				7E3869FD2BD7F4D300E65F8F /* Misc */,
				7E3869FC2BD7F4D300E65F8F /* Products */,
				DA12C306D82A057B05499CD2 /* Pods */,
				03D6326A3D43ACD27E684608 /* Frameworks */,
			);
			sourceTree = "<group>";
		};
		7E3869FC2BD7F4D300E65F8F /* Products */ = {
			isa = PBXGroup;
			children = (
				7E3869FB2BD7F4D300E65F8F /* VideoHeaderAdSample.app */,
			);
			name = Products;
			sourceTree = "<group>";
		};
		7E3869FD2BD7F4D300E65F8F /* Misc */ = {
			isa = PBXGroup;
			children = (
				7E386A092BD7F4D600E65F8F /* LaunchScreen.storyboard */,
				7E386A072BD7F4D600E65F8F /* Assets.xcassets */,
				7E386A0C2BD7F4D600E65F8F /* Info.plist */,
			);
			path = Misc;
			sourceTree = "<group>";
		};
		7E4C0FA72BE8C75E001DA825 /* AppDelegate */ = {
			isa = PBXGroup;
			children = (
				7E3869FE2BD7F4D300E65F8F /* AppDelegate.swift */,
				7E386A002BD7F4D300E65F8F /* SceneDelegate.swift */,
			);
			path = AppDelegate;
			sourceTree = "<group>";
		};
		7E4C0FA82BE8C786001DA825 /* ViewControllers */ = {
			isa = PBXGroup;
			children = (
				7E386A042BD7F4D300E65F8F /* Main.storyboard */,
				7E386A022BD7F4D300E65F8F /* MainViewController.swift */,
				7E386A122BD8053E00E65F8F /* VideoHeaderAdViewController.swift */,
			);
			path = ViewControllers;
			sourceTree = "<group>";
		};
		DA12C306D82A057B05499CD2 /* Pods */ = {
			isa = PBXGroup;
			children = (
				79FDA6493759A6BDAE670133 /* Pods-VideoHeaderAdSample.debug.xcconfig */,
				23BD6AECC10C1F9C0BC10174 /* Pods-VideoHeaderAdSample.release.xcconfig */,
			);
			path = Pods;
			sourceTree = "<group>";
		};
/* End PBXGroup section */

/* Begin PBXNativeTarget section */
		7E3869FA2BD7F4D300E65F8F /* VideoHeaderAdSample */ = {
			isa = PBXNativeTarget;
			buildConfigurationList = 7E386A0F2BD7F4D600E65F8F /* Build configuration list for PBXNativeTarget "VideoHeaderAdSample" */;
			buildPhases = (
				C1A552DDC5CCF8F1201D090A /* [CP] Check Pods Manifest.lock */,
				7E3869F72BD7F4D300E65F8F /* Sources */,
				7E3869F82BD7F4D300E65F8F /* Frameworks */,
				7E3869F92BD7F4D300E65F8F /* Resources */,
				7E0DE8982BDAB78000C63D87 /* Embed Frameworks */,
				B752EBFFB1F21B0F62C0A775 /* [CP] Embed Pods Frameworks */,
			);
			buildRules = (
			);
			dependencies = (
			);
			name = VideoHeaderAdSample;
			productName = VideoHeaderAdSample;
			productReference = 7E3869FB2BD7F4D300E65F8F /* VideoHeaderAdSample.app */;
			productType = "com.apple.product-type.application";
		};
/* End PBXNativeTarget section */

/* Begin PBXProject section */
		7E3869F32BD7F4D300E65F8F /* Project object */ = {
			isa = PBXProject;
			attributes = {
				BuildIndependentTargetsInParallel = 1;
				LastSwiftUpdateCheck = 1530;
				LastUpgradeCheck = 1530;
				TargetAttributes = {
					7E3869FA2BD7F4D300E65F8F = {
						CreatedOnToolsVersion = 15.3;
					};
				};
			};
			buildConfigurationList = 7E3869F62BD7F4D300E65F8F /* Build configuration list for PBXProject "VideoHeaderAdSample" */;
			compatibilityVersion = "Xcode 14.0";
			developmentRegion = en;
			hasScannedForEncodings = 0;
			knownRegions = (
				en,
				Base,
			);
			mainGroup = 7E3869F22BD7F4D300E65F8F;
			productRefGroup = 7E3869FC2BD7F4D300E65F8F /* Products */;
			projectDirPath = "";
			projectRoot = "";
			targets = (
				7E3869FA2BD7F4D300E65F8F /* VideoHeaderAdSample */,
			);
		};
/* End PBXProject section */

/* Begin PBXResourcesBuildPhase section */
		7E3869F92BD7F4D300E65F8F /* Resources */ = {
			isa = PBXResourcesBuildPhase;
			buildActionMask = 2147483647;
			files = (
				7E386A082BD7F4D600E65F8F /* Assets.xcassets in Resources */,
				7E386A192BD8096100E65F8F /* SASVideoHeaderAdCell.xib in Resources */,
				7E386A0B2BD7F4D600E65F8F /* Base in Resources */,
				7E386A062BD7F4D300E65F8F /* Base in Resources */,
			);
			runOnlyForDeploymentPostprocessing = 0;
		};
/* End PBXResourcesBuildPhase section */

/* Begin PBXShellScriptBuildPhase section */
		B752EBFFB1F21B0F62C0A775 /* [CP] Embed Pods Frameworks */ = {
			isa = PBXShellScriptBuildPhase;
			buildActionMask = 2147483647;
			files = (
			);
			inputFileListPaths = (
				"${PODS_ROOT}/Target Support Files/Pods-VideoHeaderAdSample/Pods-VideoHeaderAdSample-frameworks-${CONFIGURATION}-input-files.xcfilelist",
			);
			name = "[CP] Embed Pods Frameworks";
			outputFileListPaths = (
				"${PODS_ROOT}/Target Support Files/Pods-VideoHeaderAdSample/Pods-VideoHeaderAdSample-frameworks-${CONFIGURATION}-output-files.xcfilelist",
			);
			runOnlyForDeploymentPostprocessing = 0;
			shellPath = /bin/sh;
			shellScript = "\"${PODS_ROOT}/Target Support Files/Pods-VideoHeaderAdSample/Pods-VideoHeaderAdSample-frameworks.sh\"\n";
			showEnvVarsInLog = 0;
		};
		C1A552DDC5CCF8F1201D090A /* [CP] Check Pods Manifest.lock */ = {
			isa = PBXShellScriptBuildPhase;
			buildActionMask = 2147483647;
			files = (
			);
			inputFileListPaths = (
			);
			inputPaths = (
				"${PODS_PODFILE_DIR_PATH}/Podfile.lock",
				"${PODS_ROOT}/Manifest.lock",
			);
			name = "[CP] Check Pods Manifest.lock";
			outputFileListPaths = (
			);
			outputPaths = (
				"$(DERIVED_FILE_DIR)/Pods-VideoHeaderAdSample-checkManifestLockResult.txt",
			);
			runOnlyForDeploymentPostprocessing = 0;
			shellPath = /bin/sh;
			shellScript = "diff \"${PODS_PODFILE_DIR_PATH}/Podfile.lock\" \"${PODS_ROOT}/Manifest.lock\" > /dev/null\nif [ $? != 0 ] ; then\n    # print error to STDERR\n    echo \"error: The sandbox is not in sync with the Podfile.lock. Run 'pod install' or update your CocoaPods installation.\" >&2\n    exit 1\nfi\n# This output is used by Xcode 'outputs' to avoid re-running this script phase.\necho \"SUCCESS\" > \"${SCRIPT_OUTPUT_FILE_0}\"\n";
			showEnvVarsInLog = 0;
		};
/* End PBXShellScriptBuildPhase section */

/* Begin PBXSourcesBuildPhase section */
		7E3869F72BD7F4D300E65F8F /* Sources */ = {
			isa = PBXSourcesBuildPhase;
			buildActionMask = 2147483647;
			files = (
				7E386A032BD7F4D300E65F8F /* MainViewController.swift in Sources */,
				7E386A132BD8053E00E65F8F /* VideoHeaderAdViewController.swift in Sources */,
				7E3869FF2BD7F4D300E65F8F /* AppDelegate.swift in Sources */,
				7E386A152BD8082F00E65F8F /* SASVideoHeaderAdCell.swift in Sources */,
				7E386A012BD7F4D300E65F8F /* SceneDelegate.swift in Sources */,
			);
			runOnlyForDeploymentPostprocessing = 0;
		};
/* End PBXSourcesBuildPhase section */

/* Begin PBXVariantGroup section */
		7E386A042BD7F4D300E65F8F /* Main.storyboard */ = {
			isa = PBXVariantGroup;
			children = (
				7E386A052BD7F4D300E65F8F /* Base */,
			);
			name = Main.storyboard;
			sourceTree = "<group>";
		};
		7E386A092BD7F4D600E65F8F /* LaunchScreen.storyboard */ = {
			isa = PBXVariantGroup;
			children = (
				7E386A0A2BD7F4D600E65F8F /* Base */,
			);
			name = LaunchScreen.storyboard;
			sourceTree = "<group>";
		};
/* End PBXVariantGroup section */

/* Begin XCBuildConfiguration section */
		7E386A0D2BD7F4D600E65F8F /* Debug */ = {
			isa = XCBuildConfiguration;
			buildSettings = {
				ALWAYS_SEARCH_USER_PATHS = NO;
				ASSETCATALOG_COMPILER_GENERATE_SWIFT_ASSET_SYMBOL_EXTENSIONS = YES;
				CLANG_ANALYZER_NONNULL = YES;
				CLANG_ANALYZER_NUMBER_OBJECT_CONVERSION = YES_AGGRESSIVE;
				CLANG_CXX_LANGUAGE_STANDARD = "gnu++20";
				CLANG_ENABLE_MODULES = YES;
				CLANG_ENABLE_OBJC_ARC = YES;
				CLANG_ENABLE_OBJC_WEAK = YES;
				CLANG_WARN_BLOCK_CAPTURE_AUTORELEASING = YES;
				CLANG_WARN_BOOL_CONVERSION = YES;
				CLANG_WARN_COMMA = YES;
				CLANG_WARN_CONSTANT_CONVERSION = YES;
				CLANG_WARN_DEPRECATED_OBJC_IMPLEMENTATIONS = YES;
				CLANG_WARN_DIRECT_OBJC_ISA_USAGE = YES_ERROR;
				CLANG_WARN_DOCUMENTATION_COMMENTS = YES;
				CLANG_WARN_EMPTY_BODY = YES;
				CLANG_WARN_ENUM_CONVERSION = YES;
				CLANG_WARN_INFINITE_RECURSION = YES;
				CLANG_WARN_INT_CONVERSION = YES;
				CLANG_WARN_NON_LITERAL_NULL_CONVERSION = YES;
				CLANG_WARN_OBJC_IMPLICIT_RETAIN_SELF = YES;
				CLANG_WARN_OBJC_LITERAL_CONVERSION = YES;
				CLANG_WARN_OBJC_ROOT_CLASS = YES_ERROR;
				CLANG_WARN_QUOTED_INCLUDE_IN_FRAMEWORK_HEADER = YES;
				CLANG_WARN_RANGE_LOOP_ANALYSIS = YES;
				CLANG_WARN_STRICT_PROTOTYPES = YES;
				CLANG_WARN_SUSPICIOUS_MOVE = YES;
				CLANG_WARN_UNGUARDED_AVAILABILITY = YES_AGGRESSIVE;
				CLANG_WARN_UNREACHABLE_CODE = YES;
				CLANG_WARN__DUPLICATE_METHOD_MATCH = YES;
				COPY_PHASE_STRIP = NO;
				DEBUG_INFORMATION_FORMAT = dwarf;
				ENABLE_STRICT_OBJC_MSGSEND = YES;
				ENABLE_TESTABILITY = YES;
				ENABLE_USER_SCRIPT_SANDBOXING = NO;
				GCC_C_LANGUAGE_STANDARD = gnu17;
				GCC_DYNAMIC_NO_PIC = NO;
				GCC_NO_COMMON_BLOCKS = YES;
				GCC_OPTIMIZATION_LEVEL = 0;
				GCC_PREPROCESSOR_DEFINITIONS = (
					"DEBUG=1",
					"$(inherited)",
				);
				GCC_WARN_64_TO_32_BIT_CONVERSION = YES;
				GCC_WARN_ABOUT_RETURN_TYPE = YES_ERROR;
				GCC_WARN_UNDECLARED_SELECTOR = YES;
				GCC_WARN_UNINITIALIZED_AUTOS = YES_AGGRESSIVE;
				GCC_WARN_UNUSED_FUNCTION = YES;
				GCC_WARN_UNUSED_VARIABLE = YES;
				IPHONEOS_DEPLOYMENT_TARGET = 17.4;
				LOCALIZATION_PREFERS_STRING_CATALOGS = YES;
				MTL_ENABLE_DEBUG_INFO = INCLUDE_SOURCE;
				MTL_FAST_MATH = YES;
				ONLY_ACTIVE_ARCH = YES;
				SDKROOT = iphoneos;
				SWIFT_ACTIVE_COMPILATION_CONDITIONS = "DEBUG $(inherited)";
				SWIFT_OPTIMIZATION_LEVEL = "-Onone";
			};
			name = Debug;
		};
		7E386A0E2BD7F4D600E65F8F /* Release */ = {
			isa = XCBuildConfiguration;
			buildSettings = {
				ALWAYS_SEARCH_USER_PATHS = NO;
				ASSETCATALOG_COMPILER_GENERATE_SWIFT_ASSET_SYMBOL_EXTENSIONS = YES;
				CLANG_ANALYZER_NONNULL = YES;
				CLANG_ANALYZER_NUMBER_OBJECT_CONVERSION = YES_AGGRESSIVE;
				CLANG_CXX_LANGUAGE_STANDARD = "gnu++20";
				CLANG_ENABLE_MODULES = YES;
				CLANG_ENABLE_OBJC_ARC = YES;
				CLANG_ENABLE_OBJC_WEAK = YES;
				CLANG_WARN_BLOCK_CAPTURE_AUTORELEASING = YES;
				CLANG_WARN_BOOL_CONVERSION = YES;
				CLANG_WARN_COMMA = YES;
				CLANG_WARN_CONSTANT_CONVERSION = YES;
				CLANG_WARN_DEPRECATED_OBJC_IMPLEMENTATIONS = YES;
				CLANG_WARN_DIRECT_OBJC_ISA_USAGE = YES_ERROR;
				CLANG_WARN_DOCUMENTATION_COMMENTS = YES;
				CLANG_WARN_EMPTY_BODY = YES;
				CLANG_WARN_ENUM_CONVERSION = YES;
				CLANG_WARN_INFINITE_RECURSION = YES;
				CLANG_WARN_INT_CONVERSION = YES;
				CLANG_WARN_NON_LITERAL_NULL_CONVERSION = YES;
				CLANG_WARN_OBJC_IMPLICIT_RETAIN_SELF = YES;
				CLANG_WARN_OBJC_LITERAL_CONVERSION = YES;
				CLANG_WARN_OBJC_ROOT_CLASS = YES_ERROR;
				CLANG_WARN_QUOTED_INCLUDE_IN_FRAMEWORK_HEADER = YES;
				CLANG_WARN_RANGE_LOOP_ANALYSIS = YES;
				CLANG_WARN_STRICT_PROTOTYPES = YES;
				CLANG_WARN_SUSPICIOUS_MOVE = YES;
				CLANG_WARN_UNGUARDED_AVAILABILITY = YES_AGGRESSIVE;
				CLANG_WARN_UNREACHABLE_CODE = YES;
				CLANG_WARN__DUPLICATE_METHOD_MATCH = YES;
				COPY_PHASE_STRIP = NO;
				DEBUG_INFORMATION_FORMAT = "dwarf-with-dsym";
				ENABLE_NS_ASSERTIONS = NO;
				ENABLE_STRICT_OBJC_MSGSEND = YES;
				ENABLE_USER_SCRIPT_SANDBOXING = NO;
				GCC_C_LANGUAGE_STANDARD = gnu17;
				GCC_NO_COMMON_BLOCKS = YES;
				GCC_WARN_64_TO_32_BIT_CONVERSION = YES;
				GCC_WARN_ABOUT_RETURN_TYPE = YES_ERROR;
				GCC_WARN_UNDECLARED_SELECTOR = YES;
				GCC_WARN_UNINITIALIZED_AUTOS = YES_AGGRESSIVE;
				GCC_WARN_UNUSED_FUNCTION = YES;
				GCC_WARN_UNUSED_VARIABLE = YES;
				IPHONEOS_DEPLOYMENT_TARGET = 17.4;
				LOCALIZATION_PREFERS_STRING_CATALOGS = YES;
				MTL_ENABLE_DEBUG_INFO = NO;
				MTL_FAST_MATH = YES;
				SDKROOT = iphoneos;
				SWIFT_COMPILATION_MODE = wholemodule;
				VALIDATE_PRODUCT = YES;
			};
			name = Release;
		};
		7E386A102BD7F4D600E65F8F /* Debug */ = {
			isa = XCBuildConfiguration;
			baseConfigurationReference = 79FDA6493759A6BDAE670133 /* Pods-VideoHeaderAdSample.debug.xcconfig */;
			buildSettings = {
				ASSETCATALOG_COMPILER_APPICON_NAME = AppIcon;
				ASSETCATALOG_COMPILER_GLOBAL_ACCENT_COLOR_NAME = AccentColor;
				CODE_SIGN_STYLE = Automatic;
				CURRENT_PROJECT_VERSION = 1;
				DEVELOPMENT_TEAM = Q54572X2VB;
				GENERATE_INFOPLIST_FILE = YES;
				INFOPLIST_FILE = Misc/Info.plist;
				INFOPLIST_KEY_UIApplicationSupportsIndirectInputEvents = YES;
				INFOPLIST_KEY_UILaunchStoryboardName = LaunchScreen;
				INFOPLIST_KEY_UIMainStoryboardFile = Main;
				INFOPLIST_KEY_UISupportedInterfaceOrientations = UIInterfaceOrientationPortrait;
				IPHONEOS_DEPLOYMENT_TARGET = 17.2;
				LD_RUNPATH_SEARCH_PATHS = (
					"$(inherited)",
					"@executable_path/Frameworks",
				);
				MARKETING_VERSION = 1.0;
				PRODUCT_BUNDLE_IDENTIFIER = com.smartadserver.VideoHeaderAdSample;
				PRODUCT_NAME = "$(TARGET_NAME)";
				SWIFT_EMIT_LOC_STRINGS = YES;
				SWIFT_VERSION = 5.0;
				TARGETED_DEVICE_FAMILY = "1,2";
			};
			name = Debug;
		};
		7E386A112BD7F4D600E65F8F /* Release */ = {
			isa = XCBuildConfiguration;
			baseConfigurationReference = 23BD6AECC10C1F9C0BC10174 /* Pods-VideoHeaderAdSample.release.xcconfig */;
			buildSettings = {
				ASSETCATALOG_COMPILER_APPICON_NAME = AppIcon;
				ASSETCATALOG_COMPILER_GLOBAL_ACCENT_COLOR_NAME = AccentColor;
				CODE_SIGN_STYLE = Automatic;
				CURRENT_PROJECT_VERSION = 1;
				DEVELOPMENT_TEAM = Q54572X2VB;
				GENERATE_INFOPLIST_FILE = YES;
				INFOPLIST_FILE = Misc/Info.plist;
				INFOPLIST_KEY_UIApplicationSupportsIndirectInputEvents = YES;
				INFOPLIST_KEY_UILaunchStoryboardName = LaunchScreen;
				INFOPLIST_KEY_UIMainStoryboardFile = Main;
				INFOPLIST_KEY_UISupportedInterfaceOrientations = UIInterfaceOrientationPortrait;
				IPHONEOS_DEPLOYMENT_TARGET = 17.2;
				LD_RUNPATH_SEARCH_PATHS = (
					"$(inherited)",
					"@executable_path/Frameworks",
				);
				MARKETING_VERSION = 1.0;
				PRODUCT_BUNDLE_IDENTIFIER = com.smartadserver.VideoHeaderAdSample;
				PRODUCT_NAME = "$(TARGET_NAME)";
				SWIFT_EMIT_LOC_STRINGS = YES;
				SWIFT_VERSION = 5.0;
				TARGETED_DEVICE_FAMILY = "1,2";
			};
			name = Release;
		};
/* End XCBuildConfiguration section */

/* Begin XCConfigurationList section */
		7E3869F62BD7F4D300E65F8F /* Build configuration list for PBXProject "VideoHeaderAdSample" */ = {
			isa = XCConfigurationList;
			buildConfigurations = (
				7E386A0D2BD7F4D600E65F8F /* Debug */,
				7E386A0E2BD7F4D600E65F8F /* Release */,
			);
			defaultConfigurationIsVisible = 0;
			defaultConfigurationName = Release;
		};
		7E386A0F2BD7F4D600E65F8F /* Build configuration list for PBXNativeTarget "VideoHeaderAdSample" */ = {
			isa = XCConfigurationList;
			buildConfigurations = (
				7E386A102BD7F4D600E65F8F /* Debug */,
				7E386A112BD7F4D600E65F8F /* Release */,
			);
			defaultConfigurationIsVisible = 0;
			defaultConfigurationName = Release;
		};
/* End XCConfigurationList section */
	};
	rootObject = 7E3869F32BD7F4D300E65F8F /* Project object */;
}
